
Microsoft Visual Studio Solution File, Format Version 12.00
# Visual Studio Version 17
VisualStudioVersion = 17.14.36511.14 d17.14
MinimumVisualStudioVersion = 10.0.40219.1
Project("{FAE04EC0-301F-11D3-BF4B-00C04F79EFBC}") = "GetStartedWithTreeList", "GetStartedWithTreeList.csproj", "{C2CDE382-FCE1-404D-A644-C99A81C4BAFD}"
EndProject
Global
	GlobalSection(SolutionConfigurationPlatforms) = preSolution
		Debug|Any CPU = Debug|Any CPU
		Release|Any CPU = Release|Any CPU
	EndGlobalSection
	GlobalSection(ProjectConfigurationPlatforms) = postSolution
		{C2CDE382-FCE1-404D-A644-C99A81C4BAFD}.Debug|Any CPU.ActiveCfg = Debug|Any CPU
		{C2CDE382-FCE1-404D-A644-C99A81C4BAFD}.Debug|Any CPU.Build.0 = Debug|Any CPU
		{C2CDE382-FCE1-404D-A644-C99A81C4BAFD}.Release|Any CPU.ActiveCfg = Release|Any CPU
		{C2CDE382-FCE1-404D-A644-C99A81C4BAFD}.Release|Any CPU.Build.0 = Release|Any CPU
	EndGlobalSection
	GlobalSection(SolutionProperties) = preSolution
		HideSolutionNode = FALSE
	EndGlobalSection
	GlobalSection(ExtensibilityGlobals) = postSolution
		SolutionGuid = {30D3CA73-B052-46B9-B7FD-2CAB505D4573}
	EndGlobalSection
EndGlobal
